
Microsoft Visual Studio Solution File, Format Version 12.00
# Visual Studio 15
VisualStudioVersion = 15.0.28307.572
MinimumVisualStudioVersion = 10.0.40219.1
Project("{FAE04EC0-301F-11D3-BF4B-00C04F79EFBC}") = "FinancialChat", "FinancialChat\FinancialChat.csproj", "{B8FCBC8D-4E40-4132-AD4D-7C5201FC1F34}"
EndProject
Project("{FAE04EC0-301F-11D3-BF4B-00C04F79EFBC}") = "FinancialChat.Tests", "FinancialChat.Tests\FinancialChat.Tests.csproj", "{3E1A2AA4-1DA9-405F-9182-5B309826CB70}"
EndProject
Project("{FAE04EC0-301F-11D3-BF4B-00C04F79EFBC}") = "FinancialChat.BotLauncher", "ChatBot\FinancialChat.BotLauncher.csproj", "{98A17083-9E88-4C7E-AF67-28EDC31A3335}"
EndProject
Project("{FAE04EC0-301F-11D3-BF4B-00C04F79EFBC}") = "FinancialChat.Utils", "FinancialChat.Utils\FinancialChat.Utils.csproj", "{8298BED8-4540-4135-8773-F916E34F218B}"
EndProject
Global
	GlobalSection(SolutionConfigurationPlatforms) = preSolution
		Debug|Any CPU = Debug|Any CPU
		Release|Any CPU = Release|Any CPU
	EndGlobalSection
	GlobalSection(ProjectConfigurationPlatforms) = postSolution
		{B8FCBC8D-4E40-4132-AD4D-7C5201FC1F34}.Debug|Any CPU.ActiveCfg = Debug|Any CPU
		{B8FCBC8D-4E40-4132-AD4D-7C5201FC1F34}.Debug|Any CPU.Build.0 = Debug|Any CPU
		{B8FCBC8D-4E40-4132-AD4D-7C5201FC1F34}.Release|Any CPU.ActiveCfg = Release|Any CPU
		{B8FCBC8D-4E40-4132-AD4D-7C5201FC1F34}.Release|Any CPU.Build.0 = Release|Any CPU
		{3E1A2AA4-1DA9-405F-9182-5B309826CB70}.Debug|Any CPU.ActiveCfg = Debug|Any CPU
		{3E1A2AA4-1DA9-405F-9182-5B309826CB70}.Debug|Any CPU.Build.0 = Debug|Any CPU
		{3E1A2AA4-1DA9-405F-9182-5B309826CB70}.Release|Any CPU.ActiveCfg = Release|Any CPU
		{3E1A2AA4-1DA9-405F-9182-5B309826CB70}.Release|Any CPU.Build.0 = Release|Any CPU
		{98A17083-9E88-4C7E-AF67-28EDC31A3335}.Debug|Any CPU.ActiveCfg = Debug|Any CPU
		{98A17083-9E88-4C7E-AF67-28EDC31A3335}.Debug|Any CPU.Build.0 = Debug|Any CPU
		{98A17083-9E88-4C7E-AF67-28EDC31A3335}.Release|Any CPU.ActiveCfg = Release|Any CPU
		{98A17083-9E88-4C7E-AF67-28EDC31A3335}.Release|Any CPU.Build.0 = Release|Any CPU
		{8298BED8-4540-4135-8773-F916E34F218B}.Debug|Any CPU.ActiveCfg = Debug|Any CPU
		{8298BED8-4540-4135-8773-F916E34F218B}.Debug|Any CPU.Build.0 = Debug|Any CPU
		{8298BED8-4540-4135-8773-F916E34F218B}.Release|Any CPU.ActiveCfg = Release|Any CPU
		{8298BED8-4540-4135-8773-F916E34F218B}.Release|Any CPU.Build.0 = Release|Any CPU
	EndGlobalSection
	GlobalSection(SolutionProperties) = preSolution
		HideSolutionNode = FALSE
	EndGlobalSection
	GlobalSection(ExtensibilityGlobals) = postSolution
		SolutionGuid = {DC18A935-60F9-465C-8075-398A11DF9745}
	EndGlobalSection
EndGlobal
